
Microsoft Visual Studio Solution File, Format Version 12.00
# Visual Studio 14
VisualStudioVersion = 14.0.25123.0
MinimumVisualStudioVersion = 10.0.40219.1
Project("{2150E333-8FDC-42A3-9474-1A3956D46DE8}") = "Documentation", "Documentation", "{500F12BD-C9FA-42DD-B0F2-BDAE40703D44}"
	ProjectSection(SolutionItems) = preProject
		Documentation\Configure.md = Documentation\Configure.md
		Documentation\Preconsnet.md = Documentation\Preconsnet.md
	EndProjectSection
EndProject
Project("{FAE04EC0-301F-11D3-BF4B-00C04F79EFBC}") = "Common", "Common\Common.csproj", "{599AAED5-C671-4D59-860E-924AD3CD32D2}"
EndProject
Project("{FAE04EC0-301F-11D3-BF4B-00C04F79EFBC}") = "AzureAD-Graph-API", "AzureAD-Graph-API\AzureAD-Graph-API.csproj", "{DCEAC03D-92FE-4DEE-AE09-4B00B7CE3768}"
EndProject
Project("{2150E333-8FDC-42A3-9474-1A3956D46DE8}") = "Images", "Images", "{9C6AD4C6-52A2-4CB7-986B-C704C375C4AD}"
	ProjectSection(SolutionItems) = preProject
		Documentation\Images\AzureAD01.png = Documentation\Images\AzureAD01.png
		Documentation\Images\AzureAD02.png = Documentation\Images\AzureAD02.png
		Documentation\Images\AzureAD03.png = Documentation\Images\AzureAD03.png
		Documentation\Images\AzureAD04.png = Documentation\Images\AzureAD04.png
		Documentation\Images\AzureAD05.png = Documentation\Images\AzureAD05.png
		Documentation\Images\AzureAD06.png = Documentation\Images\AzureAD06.png
		Documentation\Images\AzureAD07.png = Documentation\Images\AzureAD07.png
		Documentation\Images\AzureAD08.png = Documentation\Images\AzureAD08.png
		Documentation\Images\AzureAD09.png = Documentation\Images\AzureAD09.png
		Documentation\Images\AzureAD10.png = Documentation\Images\AzureAD10.png
		Documentation\Images\AzureAD11.png = Documentation\Images\AzureAD11.png
		Documentation\Images\AzureAD12.png = Documentation\Images\AzureAD12.png
		Documentation\Images\AzureAD13.png = Documentation\Images\AzureAD13.png
		Documentation\Images\AzureAD14.png = Documentation\Images\AzureAD14.png
		Documentation\Images\PartnerCenter01.png = Documentation\Images\PartnerCenter01.png
	EndProjectSection
EndProject
Project("{FAE04EC0-301F-11D3-BF4B-00C04F79EFBC}") = "PartnerCenter-SDK-Explorer", "PartnerCenter-SDK-Explorer\PartnerCenter-SDK-Explorer.csproj", "{36430809-1810-4045-8761-4582CDAF708F}"
EndProject
Global
	GlobalSection(SolutionConfigurationPlatforms) = preSolution
		Debug|Any CPU = Debug|Any CPU
		Release|Any CPU = Release|Any CPU
	EndGlobalSection
	GlobalSection(ProjectConfigurationPlatforms) = postSolution
		{599AAED5-C671-4D59-860E-924AD3CD32D2}.Debug|Any CPU.ActiveCfg = Debug|Any CPU
		{599AAED5-C671-4D59-860E-924AD3CD32D2}.Debug|Any CPU.Build.0 = Debug|Any CPU
		{599AAED5-C671-4D59-860E-924AD3CD32D2}.Release|Any CPU.ActiveCfg = Release|Any CPU
		{599AAED5-C671-4D59-860E-924AD3CD32D2}.Release|Any CPU.Build.0 = Release|Any CPU
		{DCEAC03D-92FE-4DEE-AE09-4B00B7CE3768}.Debug|Any CPU.ActiveCfg = Debug|Any CPU
		{DCEAC03D-92FE-4DEE-AE09-4B00B7CE3768}.Debug|Any CPU.Build.0 = Debug|Any CPU
		{DCEAC03D-92FE-4DEE-AE09-4B00B7CE3768}.Release|Any CPU.ActiveCfg = Release|Any CPU
		{DCEAC03D-92FE-4DEE-AE09-4B00B7CE3768}.Release|Any CPU.Build.0 = Release|Any CPU
		{36430809-1810-4045-8761-4582CDAF708F}.Debug|Any CPU.ActiveCfg = Debug|Any CPU
		{36430809-1810-4045-8761-4582CDAF708F}.Debug|Any CPU.Build.0 = Debug|Any CPU
		{36430809-1810-4045-8761-4582CDAF708F}.Release|Any CPU.ActiveCfg = Release|Any CPU
		{36430809-1810-4045-8761-4582CDAF708F}.Release|Any CPU.Build.0 = Release|Any CPU
	EndGlobalSection
	GlobalSection(SolutionProperties) = preSolution
		HideSolutionNode = FALSE
	EndGlobalSection
	GlobalSection(NestedProjects) = preSolution
		{9C6AD4C6-52A2-4CB7-986B-C704C375C4AD} = {500F12BD-C9FA-42DD-B0F2-BDAE40703D44}
	EndGlobalSection
EndGlobal
