
Microsoft Visual Studio Solution File, Format Version 12.00
# Visual Studio 14
VisualStudioVersion = 14.0.25123.0
MinimumVisualStudioVersion = 10.0.40219.1
Project("{FAE04EC0-301F-11D3-BF4B-00C04F79EFBC}") = "Common", "Common\Common.csproj", "{599AAED5-C671-4D59-860E-924AD3CD32D2}"
EndProject
Project("{FAE04EC0-301F-11D3-BF4B-00C04F79EFBC}") = "AzureAD-Graph-API", "AzureAD-Graph-API\AzureAD-Graph-API.csproj", "{DCEAC03D-92FE-4DEE-AE09-4B00B7CE3768}"
EndProject
Project("{FAE04EC0-301F-11D3-BF4B-00C04F79EFBC}") = "PartnerCenter-SDK-Explorer", "PartnerCenter-SDK-Explorer\PartnerCenter-SDK-Explorer.csproj", "{36430809-1810-4045-8761-4582CDAF708F}"
EndProject
Project("{2150E333-8FDC-42A3-9474-1A3956D46DE8}") = "Solution Items", "Solution Items", "{55691BE8-0D86-474A-86D9-8EC4C757E62B}"
	ProjectSection(SolutionItems) = preProject
		..\LICENSE = ..\LICENSE
		..\README.md = ..\README.md
	EndProjectSection
EndProject
Project("{2150E333-8FDC-42A3-9474-1A3956D46DE8}") = "docs", "docs", "{A8ABDA40-2DC6-4F94-9655-5D723C359DE4}"
	ProjectSection(SolutionItems) = preProject
		..\docs\Preconsent.md = ..\docs\Preconsent.md
	EndProjectSection
EndProject
Project("{2150E333-8FDC-42A3-9474-1A3956D46DE8}") = "Images", "Images", "{C7BA28C7-8C4F-49FC-BCBF-9E00A4DC1D92}"
	ProjectSection(SolutionItems) = preProject
		..\docs\Images\AzureAD01.png = ..\docs\Images\AzureAD01.png
		..\docs\Images\AzureAD02.png = ..\docs\Images\AzureAD02.png
		..\docs\Images\AzureAD03.png = ..\docs\Images\AzureAD03.png
		..\docs\Images\AzureAD04.png = ..\docs\Images\AzureAD04.png
		..\docs\Images\AzureAD05.png = ..\docs\Images\AzureAD05.png
		..\docs\Images\AzureAD06.png = ..\docs\Images\AzureAD06.png
		..\docs\Images\AzureAD07.png = ..\docs\Images\AzureAD07.png
		..\docs\Images\AzureAD08.png = ..\docs\Images\AzureAD08.png
		..\docs\Images\AzureAD09.png = ..\docs\Images\AzureAD09.png
		..\docs\Images\AzureAD10.png = ..\docs\Images\AzureAD10.png
		..\docs\Images\AzureAD11.png = ..\docs\Images\AzureAD11.png
		..\docs\Images\AzureAD12.png = ..\docs\Images\AzureAD12.png
		..\docs\Images\AzureAD13.png = ..\docs\Images\AzureAD13.png
		..\docs\Images\AzureAD14.png = ..\docs\Images\AzureAD14.png
		..\docs\Images\PartnerCenter01.png = ..\docs\Images\PartnerCenter01.png
	EndProjectSection
EndProject
Project("{FAE04EC0-301F-11D3-BF4B-00C04F79EFBC}") = "O365-Management-APIs", "O365-Management-APIs\O365-Management-APIs.csproj", "{A6E7CBA9-ABFA-426A-9779-4CC01EA17305}"
EndProject
Global
	GlobalSection(SolutionConfigurationPlatforms) = preSolution
		Debug|Any CPU = Debug|Any CPU
		Release|Any CPU = Release|Any CPU
	EndGlobalSection
	GlobalSection(ProjectConfigurationPlatforms) = postSolution
		{599AAED5-C671-4D59-860E-924AD3CD32D2}.Debug|Any CPU.ActiveCfg = Debug|Any CPU
		{599AAED5-C671-4D59-860E-924AD3CD32D2}.Debug|Any CPU.Build.0 = Debug|Any CPU
		{599AAED5-C671-4D59-860E-924AD3CD32D2}.Release|Any CPU.ActiveCfg = Release|Any CPU
		{599AAED5-C671-4D59-860E-924AD3CD32D2}.Release|Any CPU.Build.0 = Release|Any CPU
		{DCEAC03D-92FE-4DEE-AE09-4B00B7CE3768}.Debug|Any CPU.ActiveCfg = Debug|Any CPU
		{DCEAC03D-92FE-4DEE-AE09-4B00B7CE3768}.Debug|Any CPU.Build.0 = Debug|Any CPU
		{DCEAC03D-92FE-4DEE-AE09-4B00B7CE3768}.Release|Any CPU.ActiveCfg = Release|Any CPU
		{DCEAC03D-92FE-4DEE-AE09-4B00B7CE3768}.Release|Any CPU.Build.0 = Release|Any CPU
		{36430809-1810-4045-8761-4582CDAF708F}.Debug|Any CPU.ActiveCfg = Debug|Any CPU
		{36430809-1810-4045-8761-4582CDAF708F}.Debug|Any CPU.Build.0 = Debug|Any CPU
		{36430809-1810-4045-8761-4582CDAF708F}.Release|Any CPU.ActiveCfg = Release|Any CPU
		{36430809-1810-4045-8761-4582CDAF708F}.Release|Any CPU.Build.0 = Release|Any CPU
		{A6E7CBA9-ABFA-426A-9779-4CC01EA17305}.Debug|Any CPU.ActiveCfg = Debug|Any CPU
		{A6E7CBA9-ABFA-426A-9779-4CC01EA17305}.Debug|Any CPU.Build.0 = Debug|Any CPU
		{A6E7CBA9-ABFA-426A-9779-4CC01EA17305}.Release|Any CPU.ActiveCfg = Release|Any CPU
		{A6E7CBA9-ABFA-426A-9779-4CC01EA17305}.Release|Any CPU.Build.0 = Release|Any CPU
	EndGlobalSection
	GlobalSection(SolutionProperties) = preSolution
		HideSolutionNode = FALSE
	EndGlobalSection
	GlobalSection(NestedProjects) = preSolution
		{A8ABDA40-2DC6-4F94-9655-5D723C359DE4} = {55691BE8-0D86-474A-86D9-8EC4C757E62B}
		{C7BA28C7-8C4F-49FC-BCBF-9E00A4DC1D92} = {A8ABDA40-2DC6-4F94-9655-5D723C359DE4}
	EndGlobalSection
EndGlobal
